{
  "name": "nodejs-design-patterns-exercises",
  "version": "1.0.0",
  "lockfileVersion": 1,
  "requires": true,
  "dependencies": {
    "csv-generate": {
      "version": "4.2.1",
      "resolved": "https://registry.npmjs.org/csv-generate/-/csv-generate-4.2.1.tgz",
      "integrity": "sha512-w6GFHjvApv6bcJ2xdi9JGsH6ZvUBfC+vUdfefnEzurXG6hMRwzkBLnhztU2H7v7+zfCk1I/knnQ+tGbgpxWrBw=="
    },
    "csv-parse": {
      "version": "5.3.3",
      "resolved": "https://registry.npmjs.org/csv-parse/-/csv-parse-5.3.3.tgz",
      "integrity": "sha512-kEWkAPleNEdhFNkHQpFHu9RYPogsFj3dx6bCxL847fsiLgidzWg0z/O0B1kVWMJUc5ky64zGp18LX2T3DQrOfw=="
    },
    "parallel-stream": {
      "version": "1.1.2",
      "resolved": "https://registry.npmjs.org/parallel-stream/-/parallel-stream-1.1.2.tgz",
      "integrity": "sha512-qKaFRMDPnH9VXuAic8sgLgzZxG9CIxKJDJhlZI8dGGqZ+4ivSDasudYZ1Tx1How8QiuwZLipr1PK+S62LXLSIA=="
    },
    "parse-ms": {
      "version": "3.0.0",
      "resolved": "https://registry.npmjs.org/parse-ms/-/parse-ms-3.0.0.tgz",
      "integrity": "sha512-Tpb8Z7r7XbbtBTrM9UhpkzzaMrqA2VXMT3YChzYltwV3P3pM6t8wl7TvpMnSTosz1aQAdVib7kdoys7vYOPerw=="
    },
    "pretty-ms": {
      "version": "8.0.0",
      "resolved": "https://registry.npmjs.org/pretty-ms/-/pretty-ms-8.0.0.tgz",
      "integrity": "sha512-ASJqOugUF1bbzI35STMBUpZqdfYKlJugy6JBziGi2EE+AL5JPJGSzvpeVXojxrr0ViUYoToUjb5kjSEGf7Y83Q==",
      "requires": {
        "parse-ms": "^3.0.0"
      }
    },
    "stream-transform": {
      "version": "3.2.1",
      "resolved": "https://registry.npmjs.org/stream-transform/-/stream-transform-3.2.1.tgz",
      "integrity": "sha512-ApK+WTJ5bCOf0A2tlec1qhvr8bGEBM/sgXXB7mysdCYgZJO5DZeaV3h3G+g0HnAQ372P5IhiGqnW29zoLOfTzQ=="
    }
  }
}
